
Microsoft Visual Studio Solution File, Format Version 12.00
# Visual Studio Version 17
VisualStudioVersion = 17.1.32210.238
MinimumVisualStudioVersion = 10.0.40219.1
Project("{FAE04EC0-301F-11D3-BF4B-00C04F79EFBC}") = "StackAndQueue", "StackAndQueue\StackAndQueue.csproj", "{C64688BC-BC82-476D-AD13-25947E7EFC8D}"
EndProject
Global
	GlobalSection(SolutionConfigurationPlatforms) = preSolution
		Debug|Any CPU = Debug|Any CPU
		Release|Any CPU = Release|Any CPU
	EndGlobalSection
	GlobalSection(ProjectConfigurationPlatforms) = postSolution
		{C64688BC-BC82-476D-AD13-25947E7EFC8D}.Debug|Any CPU.ActiveCfg = Debug|Any CPU
		{C64688BC-BC82-476D-AD13-25947E7EFC8D}.Debug|Any CPU.Build.0 = Debug|Any CPU
		{C64688BC-BC82-476D-AD13-25947E7EFC8D}.Release|Any CPU.ActiveCfg = Release|Any CPU
		{C64688BC-BC82-476D-AD13-25947E7EFC8D}.Release|Any CPU.Build.0 = Release|Any CPU
	EndGlobalSection
	GlobalSection(SolutionProperties) = preSolution
		HideSolutionNode = FALSE
	EndGlobalSection
	GlobalSection(ExtensibilityGlobals) = postSolution
		SolutionGuid = {C12C38BB-01DC-4010-BAC9-8161532FE2F9}
	EndGlobalSection
EndGlobal
